
Microsoft Visual Studio Solution File, Format Version 12.00
# Visual Studio Version 17
VisualStudioVersion = 17.0.31903.59
MinimumVisualStudioVersion = 10.0.40219.1
Project("{FAE04EC0-301F-11D3-BF4B-00C04F79EFBC}") = "GalacticLauncher.Core", "GalacticLauncher.Core\GalacticLauncher.Core.csproj", "{C4EB6742-5BB9-4EB5-8588-9FE923F21575}"
EndProject
Project("{FAE04EC0-301F-11D3-BF4B-00C04F79EFBC}") = "GalacticLauncher.Backend", "GalacticLauncher.Backend\GalacticLauncher.Backend.csproj", "{09532EE2-5779-411A-803C-53F5148FB741}"
EndProject
Project("{FAE04EC0-301F-11D3-BF4B-00C04F79EFBC}") = "GalacticLauncher.Frontend", "GalacticLauncher.Frontend\GalacticLauncher.Frontend.csproj", "{DBFFC2DF-2405-49F0-8ABF-5F0DBDC3BD9A}"
EndProject
Global
	GlobalSection(SolutionConfigurationPlatforms) = preSolution
		Debug|Any CPU = Debug|Any CPU
		Debug|x64 = Debug|x64
		Debug|x86 = Debug|x86
		Release|Any CPU = Release|Any CPU
		Release|x64 = Release|x64
		Release|x86 = Release|x86
	EndGlobalSection
	GlobalSection(ProjectConfigurationPlatforms) = postSolution
		{C4EB6742-5BB9-4EB5-8588-9FE923F21575}.Debug|Any CPU.ActiveCfg = Debug|Any CPU
		{C4EB6742-5BB9-4EB5-8588-9FE923F21575}.Debug|Any CPU.Build.0 = Debug|Any CPU
		{C4EB6742-5BB9-4EB5-8588-9FE923F21575}.Debug|x64.ActiveCfg = Debug|Any CPU
		{C4EB6742-5BB9-4EB5-8588-9FE923F21575}.Debug|x64.Build.0 = Debug|Any CPU
		{C4EB6742-5BB9-4EB5-8588-9FE923F21575}.Debug|x86.ActiveCfg = Debug|Any CPU
		{C4EB6742-5BB9-4EB5-8588-9FE923F21575}.Debug|x86.Build.0 = Debug|Any CPU
		{C4EB6742-5BB9-4EB5-8588-9FE923F21575}.Release|Any CPU.ActiveCfg = Release|Any CPU
		{C4EB6742-5BB9-4EB5-8588-9FE923F21575}.Release|Any CPU.Build.0 = Release|Any CPU
		{C4EB6742-5BB9-4EB5-8588-9FE923F21575}.Release|x64.ActiveCfg = Release|Any CPU
		{C4EB6742-5BB9-4EB5-8588-9FE923F21575}.Release|x64.Build.0 = Release|Any CPU
		{C4EB6742-5BB9-4EB5-8588-9FE923F21575}.Release|x86.ActiveCfg = Release|Any CPU
		{C4EB6742-5BB9-4EB5-8588-9FE923F21575}.Release|x86.Build.0 = Release|Any CPU
		{09532EE2-5779-411A-803C-53F5148FB741}.Debug|Any CPU.ActiveCfg = Debug|Any CPU
		{09532EE2-5779-411A-803C-53F5148FB741}.Debug|Any CPU.Build.0 = Debug|Any CPU
		{09532EE2-5779-411A-803C-53F5148FB741}.Debug|x64.ActiveCfg = Debug|Any CPU
		{09532EE2-5779-411A-803C-53F5148FB741}.Debug|x64.Build.0 = Debug|Any CPU
		{09532EE2-5779-411A-803C-53F5148FB741}.Debug|x86.ActiveCfg = Debug|Any CPU
		{09532EE2-5779-411A-803C-53F5148FB741}.Debug|x86.Build.0 = Debug|Any CPU
		{09532EE2-5779-411A-803C-53F5148FB741}.Release|Any CPU.ActiveCfg = Release|Any CPU
		{09532EE2-5779-411A-803C-53F5148FB741}.Release|Any CPU.Build.0 = Release|Any CPU
		{09532EE2-5779-411A-803C-53F5148FB741}.Release|x64.ActiveCfg = Release|Any CPU
		{09532EE2-5779-411A-803C-53F5148FB741}.Release|x64.Build.0 = Release|Any CPU
		{09532EE2-5779-411A-803C-53F5148FB741}.Release|x86.ActiveCfg = Release|Any CPU
		{09532EE2-5779-411A-803C-53F5148FB741}.Release|x86.Build.0 = Release|Any CPU
		{DBFFC2DF-2405-49F0-8ABF-5F0DBDC3BD9A}.Debug|Any CPU.ActiveCfg = Debug|Any CPU
		{DBFFC2DF-2405-49F0-8ABF-5F0DBDC3BD9A}.Debug|Any CPU.Build.0 = Debug|Any CPU
		{DBFFC2DF-2405-49F0-8ABF-5F0DBDC3BD9A}.Debug|x64.ActiveCfg = Debug|Any CPU
		{DBFFC2DF-2405-49F0-8ABF-5F0DBDC3BD9A}.Debug|x64.Build.0 = Debug|Any CPU
		{DBFFC2DF-2405-49F0-8ABF-5F0DBDC3BD9A}.Debug|x86.ActiveCfg = Debug|Any CPU
		{DBFFC2DF-2405-49F0-8ABF-5F0DBDC3BD9A}.Debug|x86.Build.0 = Debug|Any CPU
		{DBFFC2DF-2405-49F0-8ABF-5F0DBDC3BD9A}.Release|Any CPU.ActiveCfg = Release|Any CPU
		{DBFFC2DF-2405-49F0-8ABF-5F0DBDC3BD9A}.Release|Any CPU.Build.0 = Release|Any CPU
		{DBFFC2DF-2405-49F0-8ABF-5F0DBDC3BD9A}.Release|x64.ActiveCfg = Release|Any CPU
		{DBFFC2DF-2405-49F0-8ABF-5F0DBDC3BD9A}.Release|x64.Build.0 = Release|Any CPU
		{DBFFC2DF-2405-49F0-8ABF-5F0DBDC3BD9A}.Release|x86.ActiveCfg = Release|Any CPU
		{DBFFC2DF-2405-49F0-8ABF-5F0DBDC3BD9A}.Release|x86.Build.0 = Release|Any CPU
	EndGlobalSection
	GlobalSection(SolutionProperties) = preSolution
		HideSolutionNode = FALSE
	EndGlobalSection
EndGlobal
